// !$*UTF8*$!
{
	archiveVersion = 1;
	classes = {
	};
	objectVersion = 48;
	objects = {

/* Begin PBXBuildFile section */
		CB0FAF992016566000F68B63 /* AppDelegate.swift in Sources */ = {isa = PBXBuildFile; fileRef = CB0FAF982016566000F68B63 /* AppDelegate.swift */; };
		CB0FAF9B2016566000F68B63 /* ViewController.swift in Sources */ = {isa = PBXBuildFile; fileRef = CB0FAF9A2016566000F68B63 /* ViewController.swift */; };
		CB0FAF9E2016566000F68B63 /* Main.storyboard in Resources */ = {isa = PBXBuildFile; fileRef = CB0FAF9C2016566000F68B63 /* Main.storyboard */; };
		CB0FAFA02016566000F68B63 /* Assets.xcassets in Resources */ = {isa = PBXBuildFile; fileRef = CB0FAF9F2016566000F68B63 /* Assets.xcassets */; };
		CB0FAFA32016566000F68B63 /* LaunchScreen.storyboard in Resources */ = {isa = PBXBuildFile; fileRef = CB0FAFA12016566000F68B63 /* LaunchScreen.storyboard */; };
		CB0FAFAC201656A100F68B63 /* ApiProvider.swift in Sources */ = {isa = PBXBuildFile; fileRef = CB0FAFAB201656A000F68B63 /* ApiProvider.swift */; };
		CB0FAFAE201656E400F68B63 /* Request.swift in Sources */ = {isa = PBXBuildFile; fileRef = CB0FAFAD201656E400F68B63 /* Request.swift */; };
		CB0FAFB02016585A00F68B63 /* GetNewsRequest.swift in Sources */ = {isa = PBXBuildFile; fileRef = CB0FAFAF2016585A00F68B63 /* GetNewsRequest.swift */; };
		CB0FAFB320165AF200F68B63 /* Constants.swift in Sources */ = {isa = PBXBuildFile; fileRef = CB0FAFB220165AF200F68B63 /* Constants.swift */; };
		CB0FAFB620165E1800F68B63 /* News.swift in Sources */ = {isa = PBXBuildFile; fileRef = CB0FAFB520165E1800F68B63 /* News.swift */; };
/* End PBXBuildFile section */

/* Begin PBXFileReference section */
		CB0FAF952016566000F68B63 /* GetNewsVK.app */ = {isa = PBXFileReference; explicitFileType = wrapper.application; includeInIndex = 0; path = GetNewsVK.app; sourceTree = BUILT_PRODUCTS_DIR; };
		CB0FAF982016566000F68B63 /* AppDelegate.swift */ = {isa = PBXFileReference; lastKnownFileType = sourcecode.swift; path = AppDelegate.swift; sourceTree = "<group>"; };
		CB0FAF9A2016566000F68B63 /* ViewController.swift */ = {isa = PBXFileReference; lastKnownFileType = sourcecode.swift; path = ViewController.swift; sourceTree = "<group>"; };
		CB0FAF9D2016566000F68B63 /* Base */ = {isa = PBXFileReference; lastKnownFileType = file.storyboard; name = Base; path = Base.lproj/Main.storyboard; sourceTree = "<group>"; };
		CB0FAF9F2016566000F68B63 /* Assets.xcassets */ = {isa = PBXFileReference; lastKnownFileType = folder.assetcatalog; path = Assets.xcassets; sourceTree = "<group>"; };
		CB0FAFA22016566000F68B63 /* Base */ = {isa = PBXFileReference; lastKnownFileType = file.storyboard; name = Base; path = Base.lproj/LaunchScreen.storyboard; sourceTree = "<group>"; };
		CB0FAFA42016566000F68B63 /* Info.plist */ = {isa = PBXFileReference; lastKnownFileType = text.plist.xml; path = Info.plist; sourceTree = "<group>"; };
		CB0FAFAB201656A000F68B63 /* ApiProvider.swift */ = {isa = PBXFileReference; lastKnownFileType = sourcecode.swift; path = ApiProvider.swift; sourceTree = "<group>"; };
		CB0FAFAD201656E400F68B63 /* Request.swift */ = {isa = PBXFileReference; lastKnownFileType = sourcecode.swift; path = Request.swift; sourceTree = "<group>"; };
		CB0FAFAF2016585A00F68B63 /* GetNewsRequest.swift */ = {isa = PBXFileReference; lastKnownFileType = sourcecode.swift; path = GetNewsRequest.swift; sourceTree = "<group>"; };
		CB0FAFB220165AF200F68B63 /* Constants.swift */ = {isa = PBXFileReference; lastKnownFileType = sourcecode.swift; path = Constants.swift; sourceTree = "<group>"; };
		CB0FAFB520165E1800F68B63 /* News.swift */ = {isa = PBXFileReference; lastKnownFileType = sourcecode.swift; path = News.swift; sourceTree = "<group>"; };
/* End PBXFileReference section */

/* Begin PBXFrameworksBuildPhase section */
		CB0FAF922016566000F68B63 /* Frameworks */ = {
			isa = PBXFrameworksBuildPhase;
			buildActionMask = 2147483647;
			files = (
			);
			runOnlyForDeploymentPostprocessing = 0;
		};
/* End PBXFrameworksBuildPhase section */

/* Begin PBXGroup section */
		CB0FAF8C2016565F00F68B63 = {
			isa = PBXGroup;
			children = (
				CB0FAF972016566000F68B63 /* GetNewsVK */,
				CB0FAF962016566000F68B63 /* Products */,
			);
			sourceTree = "<group>";
		};
		CB0FAF962016566000F68B63 /* Products */ = {
			isa = PBXGroup;
			children = (
				CB0FAF952016566000F68B63 /* GetNewsVK.app */,
			);
			name = Products;
			sourceTree = "<group>";
		};
		CB0FAF972016566000F68B63 /* GetNewsVK */ = {
			isa = PBXGroup;
			children = (
				CB0FAFB420165E0800F68B63 /* Entities */,
				CB0FAFB120165ADC00F68B63 /* Helpers */,
				CB0FAFAA2016568900F68B63 /* Request */,
				CB0FAF982016566000F68B63 /* AppDelegate.swift */,
				CB0FAF9A2016566000F68B63 /* ViewController.swift */,
				CB0FAF9C2016566000F68B63 /* Main.storyboard */,
				CB0FAF9F2016566000F68B63 /* Assets.xcassets */,
				CB0FAFA12016566000F68B63 /* LaunchScreen.storyboard */,
				CB0FAFA42016566000F68B63 /* Info.plist */,
			);
			path = GetNewsVK;
			sourceTree = "<group>";
		};
		CB0FAFAA2016568900F68B63 /* Request */ = {
			isa = PBXGroup;
			children = (
				CB0FAFAB201656A000F68B63 /* ApiProvider.swift */,
				CB0FAFAD201656E400F68B63 /* Request.swift */,
				CB0FAFAF2016585A00F68B63 /* GetNewsRequest.swift */,
			);
			path = Request;
			sourceTree = "<group>";
		};
		CB0FAFB120165ADC00F68B63 /* Helpers */ = {
			isa = PBXGroup;
			children = (
				CB0FAFB220165AF200F68B63 /* Constants.swift */,
			);
			path = Helpers;
			sourceTree = "<group>";
		};
		CB0FAFB420165E0800F68B63 /* Entities */ = {
			isa = PBXGroup;
			children = (
				CB0FAFB520165E1800F68B63 /* News.swift */,
			);
			path = Entities;
			sourceTree = "<group>";
		};
/* End PBXGroup section */

/* Begin PBXNativeTarget section */
		CB0FAF942016566000F68B63 /* GetNewsVK */ = {
			isa = PBXNativeTarget;
			buildConfigurationList = CB0FAFA72016566000F68B63 /* Build configuration list for PBXNativeTarget "GetNewsVK" */;
			buildPhases = (
				CB0FAF912016566000F68B63 /* Sources */,
				CB0FAF922016566000F68B63 /* Frameworks */,
				CB0FAF932016566000F68B63 /* Resources */,
			);
			buildRules = (
			);
			dependencies = (
			);
			name = GetNewsVK;
			productName = GetNewsVK;
			productReference = CB0FAF952016566000F68B63 /* GetNewsVK.app */;
			productType = "com.apple.product-type.application";
		};
/* End PBXNativeTarget section */

/* Begin PBXProject section */
		CB0FAF8D2016566000F68B63 /* Project object */ = {
			isa = PBXProject;
			attributes = {
				LastSwiftUpdateCheck = 0920;
				LastUpgradeCheck = 0920;
				ORGANIZATIONNAME = "Тимур Шафигуллин";
				TargetAttributes = {
					CB0FAF942016566000F68B63 = {
						CreatedOnToolsVersion = 9.2;
						ProvisioningStyle = Automatic;
					};
				};
			};
			buildConfigurationList = CB0FAF902016566000F68B63 /* Build configuration list for PBXProject "GetNewsVK" */;
			compatibilityVersion = "Xcode 8.0";
			developmentRegion = en;
			hasScannedForEncodings = 0;
			knownRegions = (
				en,
				Base,
			);
			mainGroup = CB0FAF8C2016565F00F68B63;
			productRefGroup = CB0FAF962016566000F68B63 /* Products */;
			projectDirPath = "";
			projectRoot = "";
			targets = (
				CB0FAF942016566000F68B63 /* GetNewsVK */,
			);
		};
/* End PBXProject section */

/* Begin PBXResourcesBuildPhase section */
		CB0FAF932016566000F68B63 /* Resources */ = {
			isa = PBXResourcesBuildPhase;
			buildActionMask = 2147483647;
			files = (
				CB0FAFA32016566000F68B63 /* LaunchScreen.storyboard in Resources */,
				CB0FAFA02016566000F68B63 /* Assets.xcassets in Resources */,
				CB0FAF9E2016566000F68B63 /* Main.storyboard in Resources */,
			);
			runOnlyForDeploymentPostprocessing = 0;
		};
/* End PBXResourcesBuildPhase section */

/* Begin PBXSourcesBuildPhase section */
		CB0FAF912016566000F68B63 /* Sources */ = {
			isa = PBXSourcesBuildPhase;
			buildActionMask = 2147483647;
			files = (
				CB0FAFB02016585A00F68B63 /* GetNewsRequest.swift in Sources */,
				CB0FAFAC201656A100F68B63 /* ApiProvider.swift in Sources */,
				CB0FAFAE201656E400F68B63 /* Request.swift in Sources */,
				CB0FAF9B2016566000F68B63 /* ViewController.swift in Sources */,
				CB0FAFB620165E1800F68B63 /* News.swift in Sources */,
				CB0FAF992016566000F68B63 /* AppDelegate.swift in Sources */,
				CB0FAFB320165AF200F68B63 /* Constants.swift in Sources */,
			);
			runOnlyForDeploymentPostprocessing = 0;
		};
/* End PBXSourcesBuildPhase section */

/* Begin PBXVariantGroup section */
		CB0FAF9C2016566000F68B63 /* Main.storyboard */ = {
			isa = PBXVariantGroup;
			children = (
				CB0FAF9D2016566000F68B63 /* Base */,
			);
			name = Main.storyboard;
			sourceTree = "<group>";
		};
		CB0FAFA12016566000F68B63 /* LaunchScreen.storyboard */ = {
			isa = PBXVariantGroup;
			children = (
				CB0FAFA22016566000F68B63 /* Base */,
			);
			name = LaunchScreen.storyboard;
			sourceTree = "<group>";
		};
/* End PBXVariantGroup section */

/* Begin XCBuildConfiguration section */
		CB0FAFA52016566000F68B63 /* Debug */ = {
			isa = XCBuildConfiguration;
			buildSettings = {
				ALWAYS_SEARCH_USER_PATHS = NO;
				CLANG_ANALYZER_NONNULL = YES;
				CLANG_ANALYZER_NUMBER_OBJECT_CONVERSION = YES_AGGRESSIVE;
				CLANG_CXX_LANGUAGE_STANDARD = "gnu++14";
				CLANG_CXX_LIBRARY = "libc++";
				CLANG_ENABLE_MODULES = YES;
				CLANG_ENABLE_OBJC_ARC = YES;
				CLANG_WARN_BLOCK_CAPTURE_AUTORELEASING = YES;
				CLANG_WARN_BOOL_CONVERSION = YES;
				CLANG_WARN_COMMA = YES;
				CLANG_WARN_CONSTANT_CONVERSION = YES;
				CLANG_WARN_DIRECT_OBJC_ISA_USAGE = YES_ERROR;
				CLANG_WARN_DOCUMENTATION_COMMENTS = YES;
				CLANG_WARN_EMPTY_BODY = YES;
				CLANG_WARN_ENUM_CONVERSION = YES;
				CLANG_WARN_INFINITE_RECURSION = YES;
				CLANG_WARN_INT_CONVERSION = YES;
				CLANG_WARN_NON_LITERAL_NULL_CONVERSION = YES;
				CLANG_WARN_OBJC_LITERAL_CONVERSION = YES;
				CLANG_WARN_OBJC_ROOT_CLASS = YES_ERROR;
				CLANG_WARN_RANGE_LOOP_ANALYSIS = YES;
				CLANG_WARN_STRICT_PROTOTYPES = YES;
				CLANG_WARN_SUSPICIOUS_MOVE = YES;
				CLANG_WARN_UNGUARDED_AVAILABILITY = YES_AGGRESSIVE;
				CLANG_WARN_UNREACHABLE_CODE = YES;
				CLANG_WARN__DUPLICATE_METHOD_MATCH = YES;
				CODE_SIGN_IDENTITY = "iPhone Developer";
				COPY_PHASE_STRIP = NO;
				DEBUG_INFORMATION_FORMAT = dwarf;
				ENABLE_STRICT_OBJC_MSGSEND = YES;
				ENABLE_TESTABILITY = YES;
				GCC_C_LANGUAGE_STANDARD = gnu11;
				GCC_DYNAMIC_NO_PIC = NO;
				GCC_NO_COMMON_BLOCKS = YES;
				GCC_OPTIMIZATION_LEVEL = 0;
				GCC_PREPROCESSOR_DEFINITIONS = (
					"DEBUG=1",
					"$(inherited)",
				);
				GCC_WARN_64_TO_32_BIT_CONVERSION = YES;
				GCC_WARN_ABOUT_RETURN_TYPE = YES_ERROR;
				GCC_WARN_UNDECLARED_SELECTOR = YES;
				GCC_WARN_UNINITIALIZED_AUTOS = YES_AGGRESSIVE;
				GCC_WARN_UNUSED_FUNCTION = YES;
				GCC_WARN_UNUSED_VARIABLE = YES;
				IPHONEOS_DEPLOYMENT_TARGET = 11.2;
				MTL_ENABLE_DEBUG_INFO = YES;
				ONLY_ACTIVE_ARCH = YES;
				SDKROOT = iphoneos;
				SWIFT_ACTIVE_COMPILATION_CONDITIONS = DEBUG;
				SWIFT_OPTIMIZATION_LEVEL = "-Onone";
			};
			name = Debug;
		};
		CB0FAFA62016566000F68B63 /* Release */ = {
			isa = XCBuildConfiguration;
			buildSettings = {
				ALWAYS_SEARCH_USER_PATHS = NO;
				CLANG_ANALYZER_NONNULL = YES;
				CLANG_ANALYZER_NUMBER_OBJECT_CONVERSION = YES_AGGRESSIVE;
				CLANG_CXX_LANGUAGE_STANDARD = "gnu++14";
				CLANG_CXX_LIBRARY = "libc++";
				CLANG_ENABLE_MODULES = YES;
				CLANG_ENABLE_OBJC_ARC = YES;
				CLANG_WARN_BLOCK_CAPTURE_AUTORELEASING = YES;
				CLANG_WARN_BOOL_CONVERSION = YES;
				CLANG_WARN_COMMA = YES;
				CLANG_WARN_CONSTANT_CONVERSION = YES;
				CLANG_WARN_DIRECT_OBJC_ISA_USAGE = YES_ERROR;
				CLANG_WARN_DOCUMENTATION_COMMENTS = YES;
				CLANG_WARN_EMPTY_BODY = YES;
				CLANG_WARN_ENUM_CONVERSION = YES;
				CLANG_WARN_INFINITE_RECURSION = YES;
				CLANG_WARN_INT_CONVERSION = YES;
				CLANG_WARN_NON_LITERAL_NULL_CONVERSION = YES;
				CLANG_WARN_OBJC_LITERAL_CONVERSION = YES;
				CLANG_WARN_OBJC_ROOT_CLASS = YES_ERROR;
				CLANG_WARN_RANGE_LOOP_ANALYSIS = YES;
				CLANG_WARN_STRICT_PROTOTYPES = YES;
				CLANG_WARN_SUSPICIOUS_MOVE = YES;
				CLANG_WARN_UNGUARDED_AVAILABILITY = YES_AGGRESSIVE;
				CLANG_WARN_UNREACHABLE_CODE = YES;
				CLANG_WARN__DUPLICATE_METHOD_MATCH = YES;
				CODE_SIGN_IDENTITY = "iPhone Developer";
				COPY_PHASE_STRIP = NO;
				DEBUG_INFORMATION_FORMAT = "dwarf-with-dsym";
				ENABLE_NS_ASSERTIONS = NO;
				ENABLE_STRICT_OBJC_MSGSEND = YES;
				GCC_C_LANGUAGE_STANDARD = gnu11;
				GCC_NO_COMMON_BLOCKS = YES;
				GCC_WARN_64_TO_32_BIT_CONVERSION = YES;
				GCC_WARN_ABOUT_RETURN_TYPE = YES_ERROR;
				GCC_WARN_UNDECLARED_SELECTOR = YES;
				GCC_WARN_UNINITIALIZED_AUTOS = YES_AGGRESSIVE;
				GCC_WARN_UNUSED_FUNCTION = YES;
				GCC_WARN_UNUSED_VARIABLE = YES;
				IPHONEOS_DEPLOYMENT_TARGET = 11.2;
				MTL_ENABLE_DEBUG_INFO = NO;
				SDKROOT = iphoneos;
				SWIFT_OPTIMIZATION_LEVEL = "-Owholemodule";
				VALIDATE_PRODUCT = YES;
			};
			name = Release;
		};
		CB0FAFA82016566000F68B63 /* Debug */ = {
			isa = XCBuildConfiguration;
			buildSettings = {
				ASSETCATALOG_COMPILER_APPICON_NAME = AppIcon;
				CODE_SIGN_STYLE = Automatic;
				DEVELOPMENT_TEAM = W56K4E4L5F;
				INFOPLIST_FILE = GetNewsVK/Info.plist;
				LD_RUNPATH_SEARCH_PATHS = "$(inherited) @executable_path/Frameworks";
				PRODUCT_BUNDLE_IDENTIFIER = ru.timbaev.GetNewsVK;
				PRODUCT_NAME = "$(TARGET_NAME)";
				SWIFT_VERSION = 4.0;
				TARGETED_DEVICE_FAMILY = "1,2";
			};
			name = Debug;
		};
		CB0FAFA92016566000F68B63 /* Release */ = {
			isa = XCBuildConfiguration;
			buildSettings = {
				ASSETCATALOG_COMPILER_APPICON_NAME = AppIcon;
				CODE_SIGN_STYLE = Automatic;
				DEVELOPMENT_TEAM = W56K4E4L5F;
				INFOPLIST_FILE = GetNewsVK/Info.plist;
				LD_RUNPATH_SEARCH_PATHS = "$(inherited) @executable_path/Frameworks";
				PRODUCT_BUNDLE_IDENTIFIER = ru.timbaev.GetNewsVK;
				PRODUCT_NAME = "$(TARGET_NAME)";
				SWIFT_VERSION = 4.0;
				TARGETED_DEVICE_FAMILY = "1,2";
			};
			name = Release;
		};
/* End XCBuildConfiguration section */

/* Begin XCConfigurationList section */
		CB0FAF902016566000F68B63 /* Build configuration list for PBXProject "GetNewsVK" */ = {
			isa = XCConfigurationList;
			buildConfigurations = (
				CB0FAFA52016566000F68B63 /* Debug */,
				CB0FAFA62016566000F68B63 /* Release */,
			);
			defaultConfigurationIsVisible = 0;
			defaultConfigurationName = Release;
		};
		CB0FAFA72016566000F68B63 /* Build configuration list for PBXNativeTarget "GetNewsVK" */ = {
			isa = XCConfigurationList;
			buildConfigurations = (
				CB0FAFA82016566000F68B63 /* Debug */,
				CB0FAFA92016566000F68B63 /* Release */,
			);
			defaultConfigurationIsVisible = 0;
			defaultConfigurationName = Release;
		};
/* End XCConfigurationList section */
	};
	rootObject = CB0FAF8D2016566000F68B63 /* Project object */;
}
